
Microsoft Visual Studio Solution File, Format Version 12.00
# Visual Studio Version 17
VisualStudioVersion = 17.0.31903.59
MinimumVisualStudioVersion = 10.0.40219.1
Project("{888888A0-9F3D-457C-B088-3A5042F75D52}") = "Calender", "Calender.pyproj", "{18A0B847-88D2-4227-BF9D-5952B9096106}"
EndProject
Global
	GlobalSection(SolutionConfigurationPlatforms) = preSolution
		Debug|Any CPU = Debug|Any CPU
		Release|Any CPU = Release|Any CPU
	EndGlobalSection
	GlobalSection(ProjectConfigurationPlatforms) = postSolution
		{18A0B847-88D2-4227-BF9D-5952B9096106}.Debug|Any CPU.ActiveCfg = Debug|Any CPU
		{18A0B847-88D2-4227-BF9D-5952B9096106}.Release|Any CPU.ActiveCfg = Release|Any CPU
	EndGlobalSection
	GlobalSection(SolutionProperties) = preSolution
		HideSolutionNode = FALSE
	EndGlobalSection
	GlobalSection(ExtensibilityGlobals) = postSolution
		SolutionGuid = {6774760B-8400-46CE-BA9A-20FEFC3CE7E3}
	EndGlobalSection
EndGlobal
